{
  "requires": true,
  "lockfileVersion": 1,
  "dependencies": {
    "first-person-controls": {
      "version": "1.0.1",
      "resolved": "https://registry.npmjs.org/first-person-controls/-/first-person-controls-1.0.1.tgz",
      "integrity": "sha512-1ys8+7pd+xPPJVe8NqNIZ/TRsVQT+gytJgHb8S/CZFr8oobJNjV2bktyddxwq9JIh9JxbzZEei8XnjSdzWCZvg=="
    }
  }
}
